
Microsoft Visual Studio Solution File, Format Version 12.00
# Visual Studio Version 17
VisualStudioVersion = 17.1.32328.378
MinimumVisualStudioVersion = 10.0.40219.1
Project("{FAE04EC0-301F-11D3-BF4B-00C04F79EFBC}") = "ExercicioTurma", "ExercicioTurma\ExercicioTurma.csproj", "{2B4B6D82-ED51-45CB-AA50-D33368BB6F85}"
EndProject
Global
	GlobalSection(SolutionConfigurationPlatforms) = preSolution
		Debug|Any CPU = Debug|Any CPU
		Release|Any CPU = Release|Any CPU
	EndGlobalSection
	GlobalSection(ProjectConfigurationPlatforms) = postSolution
		{2B4B6D82-ED51-45CB-AA50-D33368BB6F85}.Debug|Any CPU.ActiveCfg = Debug|Any CPU
		{2B4B6D82-ED51-45CB-AA50-D33368BB6F85}.Debug|Any CPU.Build.0 = Debug|Any CPU
		{2B4B6D82-ED51-45CB-AA50-D33368BB6F85}.Release|Any CPU.ActiveCfg = Release|Any CPU
		{2B4B6D82-ED51-45CB-AA50-D33368BB6F85}.Release|Any CPU.Build.0 = Release|Any CPU
	EndGlobalSection
	GlobalSection(SolutionProperties) = preSolution
		HideSolutionNode = FALSE
	EndGlobalSection
	GlobalSection(ExtensibilityGlobals) = postSolution
		SolutionGuid = {4F00B42C-F61E-44B7-9AB6-2481CBAFF2C2}
	EndGlobalSection
EndGlobal
